
Microsoft Visual Studio Solution File, Format Version 12.00
# Visual Studio Version 16
VisualStudioVersion = 16.0.30717.126
MinimumVisualStudioVersion = 10.0.40219.1
Project("{9A19103F-16F7-4668-BE54-9A1E7A4F7556}") = "Api", "Api\Api.csproj", "{C4B80D9E-E9EF-45B1-A6AF-C35BC11FF304}"
EndProject
Project("{FAE04EC0-301F-11D3-BF4B-00C04F79EFBC}") = "Tests", "Tests\Tests.csproj", "{646199F6-8B44-4C30-8A10-ACD53E6365AA}"
EndProject
Global
	GlobalSection(SolutionConfigurationPlatforms) = preSolution
		Debug|Any CPU = Debug|Any CPU
		Release|Any CPU = Release|Any CPU
	EndGlobalSection
	GlobalSection(ProjectConfigurationPlatforms) = postSolution
		{C4B80D9E-E9EF-45B1-A6AF-C35BC11FF304}.Debug|Any CPU.ActiveCfg = Debug|Any CPU
		{C4B80D9E-E9EF-45B1-A6AF-C35BC11FF304}.Debug|Any CPU.Build.0 = Debug|Any CPU
		{C4B80D9E-E9EF-45B1-A6AF-C35BC11FF304}.Release|Any CPU.ActiveCfg = Release|Any CPU
		{C4B80D9E-E9EF-45B1-A6AF-C35BC11FF304}.Release|Any CPU.Build.0 = Release|Any CPU
		{646199F6-8B44-4C30-8A10-ACD53E6365AA}.Debug|Any CPU.ActiveCfg = Debug|Any CPU
		{646199F6-8B44-4C30-8A10-ACD53E6365AA}.Debug|Any CPU.Build.0 = Debug|Any CPU
		{646199F6-8B44-4C30-8A10-ACD53E6365AA}.Release|Any CPU.ActiveCfg = Release|Any CPU
		{646199F6-8B44-4C30-8A10-ACD53E6365AA}.Release|Any CPU.Build.0 = Release|Any CPU
	EndGlobalSection
	GlobalSection(SolutionProperties) = preSolution
		HideSolutionNode = FALSE
	EndGlobalSection
	GlobalSection(ExtensibilityGlobals) = postSolution
		SolutionGuid = {F4E158FA-2F69-4FA1-9FCE-C34C72F8EB7C}
	EndGlobalSection
EndGlobal
